
Microsoft Visual Studio Solution File, Format Version 12.00
# Visual Studio 15
Project("{FAE04EC0-301F-11D3-BF4B-00C04F79EFBC}") = "Lab5", "Lab5.csproj", "{A3F7A379-3EEF-4721-BE7B-F314478923A1}"
EndProject
Global
	GlobalSection(SolutionConfigurationPlatforms) = preSolution
		Debug|anycpu = Debug|anycpu
		Release|anycpu = Release|anycpu
	EndGlobalSection
	GlobalSection(ProjectConfigurationPlatforms) = postSolution
		{A3F7A379-3EEF-4721-BE7B-F314478923A1}.Debug|anycpu.ActiveCfg = Debug|anycpu
		{A3F7A379-3EEF-4721-BE7B-F314478923A1}.Debug|anycpu.Build.0 = Debug|anycpu
		{A3F7A379-3EEF-4721-BE7B-F314478923A1}.Release|anycpu.ActiveCfg = Release|anycpu
		{A3F7A379-3EEF-4721-BE7B-F314478923A1}.Release|anycpu.Build.0 = Release|anycpu
	EndGlobalSection
EndGlobal
